
Microsoft Visual Studio Solution File, Format Version 12.00
# Visual Studio Version 16
VisualStudioVersion = 16.0.31313.79
MinimumVisualStudioVersion = 10.0.40219.1
Project("{FAE04EC0-301F-11D3-BF4B-00C04F79EFBC}") = "conversionMoneda", "conversionMoneda.csproj", "{3A32FAE1-7923-4E14-8088-42BE7134CCEC}"
EndProject
Global
	GlobalSection(SolutionConfigurationPlatforms) = preSolution
		Debug|Any CPU = Debug|Any CPU
		Release|Any CPU = Release|Any CPU
	EndGlobalSection
	GlobalSection(ProjectConfigurationPlatforms) = postSolution
		{3A32FAE1-7923-4E14-8088-42BE7134CCEC}.Debug|Any CPU.ActiveCfg = Debug|Any CPU
		{3A32FAE1-7923-4E14-8088-42BE7134CCEC}.Debug|Any CPU.Build.0 = Debug|Any CPU
		{3A32FAE1-7923-4E14-8088-42BE7134CCEC}.Release|Any CPU.ActiveCfg = Release|Any CPU
		{3A32FAE1-7923-4E14-8088-42BE7134CCEC}.Release|Any CPU.Build.0 = Release|Any CPU
	EndGlobalSection
	GlobalSection(SolutionProperties) = preSolution
		HideSolutionNode = FALSE
	EndGlobalSection
	GlobalSection(ExtensibilityGlobals) = postSolution
		SolutionGuid = {CCAF8E3A-14A9-43DF-A62C-05A7A3F47CEA}
	EndGlobalSection
EndGlobal
